PODS:
  - Flutter (1.0.0)
  - flutter_log (0.0.1):
    - Flutter

DEPENDENCIES:
  - Flutter (from `Flutter`)
  - flutter_log (from `.symlinks/plugins/flutter_log/ios`)

EXTERNAL SOURCES:
  Flutter:
    :path: Flutter
  flutter_log:
    :path: ".symlinks/plugins/flutter_log/ios"

SPEC CHECKSUMS:
  Flutter: f04841e97a9d0b0a8025694d0796dd46242b2854
  flutter_log: 653a609656a9b346039b911f5d6ce1817e207cbd

PODFILE CHECKSUM: 663715e941f9adb426e33bf9376914006f9ea95b

COCOAPODS: 1.12.1
